// !$*UTF8*$!
{
	archiveVersion = 1;
	classes = {
	};
	objectVersion = 77;
	objects = {

/* Begin PBXBuildFile section */
		EC28A7842E2690AC002D6741 /* AudioKit in Frameworks */ = {isa = PBXBuildFile; productRef = EC28A7832E2690AC002D6741 /* AudioKit */; };
		EC28A7872E2691F9002D6741 /* AudioKitEX in Frameworks */ = {isa = PBXBuildFile; productRef = EC28A7862E2691F9002D6741 /* AudioKitEX */; };
		EC28A78A2E269E94002D6741 /* SoundpipeAudioKit in Frameworks */ = {isa = PBXBuildFile; productRef = EC28A7892E269E94002D6741 /* SoundpipeAudioKit */; };
/* End PBXBuildFile section */

/* Begin PBXContainerItemProxy section */
		EC28A75A2E255FFA002D6741 /* PBXContainerItemProxy */ = {
			isa = PBXContainerItemProxy;
			containerPortal = EC28A7442E255FF8002D6741 /* Project object */;
			proxyType = 1;
			remoteGlobalIDString = EC28A74B2E255FF8002D6741;
			remoteInfo = objectmelodyappios;
		};
		EC28A7642E255FFA002D6741 /* PBXContainerItemProxy */ = {
			isa = PBXContainerItemProxy;
			containerPortal = EC28A7442E255FF8002D6741 /* Project object */;
			proxyType = 1;
			remoteGlobalIDString = EC28A74B2E255FF8002D6741;
			remoteInfo = objectmelodyappios;
		};
/* End PBXContainerItemProxy section */

/* Begin PBXFileReference section */
		EC28A74C2E255FF8002D6741 /* objectmelodyappios.app */ = {isa = PBXFileReference; explicitFileType = wrapper.application; includeInIndex = 0; path = objectmelodyappios.app; sourceTree = BUILT_PRODUCTS_DIR; };
		EC28A7592E255FFA002D6741 /* objectmelodyappiosTests.xctest */ = {isa = PBXFileReference; explicitFileType = wrapper.cfbundle; includeInIndex = 0; path = objectmelodyappiosTests.xctest; sourceTree = BUILT_PRODUCTS_DIR; };
		EC28A7632E255FFA002D6741 /* objectmelodyappiosUITests.xctest */ = {isa = PBXFileReference; explicitFileType = wrapper.cfbundle; includeInIndex = 0; path = objectmelodyappiosUITests.xctest; sourceTree = BUILT_PRODUCTS_DIR; };
/* End PBXFileReference section */

/* Begin PBXFileSystemSynchronizedBuildFileExceptionSet section */
		EC28A7772E256A68002D6741 /* Exceptions for "objectmelodyappios" folder in "objectmelodyappios" target */ = {
			isa = PBXFileSystemSynchronizedBuildFileExceptionSet;
			membershipExceptions = (
				Info.plist,
			);
			target = EC28A74B2E255FF8002D6741 /* objectmelodyappios */;
		};
/* End PBXFileSystemSynchronizedBuildFileExceptionSet section */

/* Begin PBXFileSystemSynchronizedRootGroup section */
		EC28A74E2E255FF8002D6741 /* objectmelodyappios */ = {
			isa = PBXFileSystemSynchronizedRootGroup;
			exceptions = (
				EC28A7772E256A68002D6741 /* Exceptions for "objectmelodyappios" folder in "objectmelodyappios" target */,
			);
			path = objectmelodyappios;
			sourceTree = "<group>";
		};
		EC28A75C2E255FFA002D6741 /* objectmelodyappiosTests */ = {
			isa = PBXFileSystemSynchronizedRootGroup;
			path = objectmelodyappiosTests;
			sourceTree = "<group>";
		};
		EC28A7662E255FFA002D6741 /* objectmelodyappiosUITests */ = {
			isa = PBXFileSystemSynchronizedRootGroup;
			path = objectmelodyappiosUITests;
			sourceTree = "<group>";
		};
/* End PBXFileSystemSynchronizedRootGroup section */

/* Begin PBXFrameworksBuildPhase section */
		EC28A7492E255FF8002D6741 /* Frameworks */ = {
			isa = PBXFrameworksBuildPhase;
			buildActionMask = 2147483647;
			files = (
				EC28A7842E2690AC002D6741 /* AudioKit in Frameworks */,
				EC28A7872E2691F9002D6741 /* AudioKitEX in Frameworks */,
				EC28A78A2E269E94002D6741 /* SoundpipeAudioKit in Frameworks */,
			);
			runOnlyForDeploymentPostprocessing = 0;
		};
		EC28A7562E255FFA002D6741 /* Frameworks */ = {
			isa = PBXFrameworksBuildPhase;
			buildActionMask = 2147483647;
			files = (
			);
			runOnlyForDeploymentPostprocessing = 0;
		};
		EC28A7602E255FFA002D6741 /* Frameworks */ = {
			isa = PBXFrameworksBuildPhase;
			buildActionMask = 2147483647;
			files = (
			);
			runOnlyForDeploymentPostprocessing = 0;
		};
/* End PBXFrameworksBuildPhase section */

/* Begin PBXGroup section */
		EC28A7432E255FF8002D6741 = {
			isa = PBXGroup;
			children = (
				EC28A74E2E255FF8002D6741 /* objectmelodyappios */,
				EC28A75C2E255FFA002D6741 /* objectmelodyappiosTests */,
				EC28A7662E255FFA002D6741 /* objectmelodyappiosUITests */,
				EC28A74D2E255FF8002D6741 /* Products */,
			);
			sourceTree = "<group>";
		};
		EC28A74D2E255FF8002D6741 /* Products */ = {
			isa = PBXGroup;
			children = (
				EC28A74C2E255FF8002D6741 /* objectmelodyappios.app */,
				EC28A7592E255FFA002D6741 /* objectmelodyappiosTests.xctest */,
				EC28A7632E255FFA002D6741 /* objectmelodyappiosUITests.xctest */,
			);
			name = Products;
			sourceTree = "<group>";
		};
/* End PBXGroup section */

/* Begin PBXNativeTarget section */
		EC28A74B2E255FF8002D6741 /* objectmelodyappios */ = {
			isa = PBXNativeTarget;
			buildConfigurationList = EC28A76D2E255FFA002D6741 /* Build configuration list for PBXNativeTarget "objectmelodyappios" */;
			buildPhases = (
				EC28A7482E255FF8002D6741 /* Sources */,
				EC28A7492E255FF8002D6741 /* Frameworks */,
				EC28A74A2E255FF8002D6741 /* Resources */,
			);
			buildRules = (
			);
			dependencies = (
			);
			fileSystemSynchronizedGroups = (
				EC28A74E2E255FF8002D6741 /* objectmelodyappios */,
			);
			name = objectmelodyappios;
			packageProductDependencies = (
				EC28A7832E2690AC002D6741 /* AudioKit */,
				EC28A7862E2691F9002D6741 /* AudioKitEX */,
				EC28A7892E269E94002D6741 /* SoundpipeAudioKit */,
			);
			productName = objectmelodyappios;
			productReference = EC28A74C2E255FF8002D6741 /* objectmelodyappios.app */;
			productType = "com.apple.product-type.application";
		};
		EC28A7582E255FFA002D6741 /* objectmelodyappiosTests */ = {
			isa = PBXNativeTarget;
			buildConfigurationList = EC28A7702E255FFA002D6741 /* Build configuration list for PBXNativeTarget "objectmelodyappiosTests" */;
			buildPhases = (
				EC28A7552E255FFA002D6741 /* Sources */,
				EC28A7562E255FFA002D6741 /* Frameworks */,
				EC28A7572E255FFA002D6741 /* Resources */,
			);
			buildRules = (
			);
			dependencies = (
				EC28A75B2E255FFA002D6741 /* PBXTargetDependency */,
			);
			fileSystemSynchronizedGroups = (
				EC28A75C2E255FFA002D6741 /* objectmelodyappiosTests */,
			);
			name = objectmelodyappiosTests;
			packageProductDependencies = (
			);
			productName = objectmelodyappiosTests;
			productReference = EC28A7592E255FFA002D6741 /* objectmelodyappiosTests.xctest */;
			productType = "com.apple.product-type.bundle.unit-test";
		};
		EC28A7622E255FFA002D6741 /* objectmelodyappiosUITests */ = {
			isa = PBXNativeTarget;
			buildConfigurationList = EC28A7732E255FFA002D6741 /* Build configuration list for PBXNativeTarget "objectmelodyappiosUITests" */;
			buildPhases = (
				EC28A75F2E255FFA002D6741 /* Sources */,
				EC28A7602E255FFA002D6741 /* Frameworks */,
				EC28A7612E255FFA002D6741 /* Resources */,
			);
			buildRules = (
			);
			dependencies = (
				EC28A7652E255FFA002D6741 /* PBXTargetDependency */,
			);
			fileSystemSynchronizedGroups = (
				EC28A7662E255FFA002D6741 /* objectmelodyappiosUITests */,
			);
			name = objectmelodyappiosUITests;
			packageProductDependencies = (
			);
			productName = objectmelodyappiosUITests;
			productReference = EC28A7632E255FFA002D6741 /* objectmelodyappiosUITests.xctest */;
			productType = "com.apple.product-type.bundle.ui-testing";
		};
/* End PBXNativeTarget section */

/* Begin PBXProject section */
		EC28A7442E255FF8002D6741 /* Project object */ = {
			isa = PBXProject;
			attributes = {
				BuildIndependentTargetsInParallel = 1;
				LastSwiftUpdateCheck = 1640;
				LastUpgradeCheck = 1640;
				TargetAttributes = {
					EC28A74B2E255FF8002D6741 = {
						CreatedOnToolsVersion = 16.4;
					};
					EC28A7582E255FFA002D6741 = {
						CreatedOnToolsVersion = 16.4;
						TestTargetID = EC28A74B2E255FF8002D6741;
					};
					EC28A7622E255FFA002D6741 = {
						CreatedOnToolsVersion = 16.4;
						TestTargetID = EC28A74B2E255FF8002D6741;
					};
				};
			};
			buildConfigurationList = EC28A7472E255FF8002D6741 /* Build configuration list for PBXProject "objectmelodyappios" */;
			developmentRegion = en;
			hasScannedForEncodings = 0;
			knownRegions = (
				en,
				Base,
			);
			mainGroup = EC28A7432E255FF8002D6741;
			minimizedProjectReferenceProxies = 1;
			packageReferences = (
				EC28A7802E268FC6002D6741 /* XCRemoteSwiftPackageReference "AudioKit" */,
				EC28A7852E2691DA002D6741 /* XCRemoteSwiftPackageReference "AudioKitEX" */,
				EC28A7882E269E94002D6741 /* XCRemoteSwiftPackageReference "SoundpipeAudioKit" */,
			);
			preferredProjectObjectVersion = 77;
			productRefGroup = EC28A74D2E255FF8002D6741 /* Products */;
			projectDirPath = "";
			projectRoot = "";
			targets = (
				EC28A74B2E255FF8002D6741 /* objectmelodyappios */,
				EC28A7582E255FFA002D6741 /* objectmelodyappiosTests */,
				EC28A7622E255FFA002D6741 /* objectmelodyappiosUITests */,
			);
		};
/* End PBXProject section */

/* Begin PBXResourcesBuildPhase section */
		EC28A74A2E255FF8002D6741 /* Resources */ = {
			isa = PBXResourcesBuildPhase;
			buildActionMask = 2147483647;
			files = (
			);
			runOnlyForDeploymentPostprocessing = 0;
		};
		EC28A7572E255FFA002D6741 /* Resources */ = {
			isa = PBXResourcesBuildPhase;
			buildActionMask = 2147483647;
			files = (
			);
			runOnlyForDeploymentPostprocessing = 0;
		};
		EC28A7612E255FFA002D6741 /* Resources */ = {
			isa = PBXResourcesBuildPhase;
			buildActionMask = 2147483647;
			files = (
			);
			runOnlyForDeploymentPostprocessing = 0;
		};
/* End PBXResourcesBuildPhase section */

/* Begin PBXSourcesBuildPhase section */
		EC28A7482E255FF8002D6741 /* Sources */ = {
			isa = PBXSourcesBuildPhase;
			buildActionMask = 2147483647;
			files = (
			);
			runOnlyForDeploymentPostprocessing = 0;
		};
		EC28A7552E255FFA002D6741 /* Sources */ = {
			isa = PBXSourcesBuildPhase;
			buildActionMask = 2147483647;
			files = (
			);
			runOnlyForDeploymentPostprocessing = 0;
		};
		EC28A75F2E255FFA002D6741 /* Sources */ = {
			isa = PBXSourcesBuildPhase;
			buildActionMask = 2147483647;
			files = (
			);
			runOnlyForDeploymentPostprocessing = 0;
		};
/* End PBXSourcesBuildPhase section */

/* Begin PBXTargetDependency section */
		EC28A75B2E255FFA002D6741 /* PBXTargetDependency */ = {
			isa = PBXTargetDependency;
			target = EC28A74B2E255FF8002D6741 /* objectmelodyappios */;
			targetProxy = EC28A75A2E255FFA002D6741 /* PBXContainerItemProxy */;
		};
		EC28A7652E255FFA002D6741 /* PBXTargetDependency */ = {
			isa = PBXTargetDependency;
			target = EC28A74B2E255FF8002D6741 /* objectmelodyappios */;
			targetProxy = EC28A7642E255FFA002D6741 /* PBXContainerItemProxy */;
		};
/* End PBXTargetDependency section */

/* Begin XCBuildConfiguration section */
		EC28A76B2E255FFA002D6741 /* Debug */ = {
			isa = XCBuildConfiguration;
			buildSettings = {
				ALWAYS_SEARCH_USER_PATHS = NO;
				ASSETCATALOG_COMPILER_GENERATE_SWIFT_ASSET_SYMBOL_EXTENSIONS = YES;
				CLANG_ANALYZER_NONNULL = YES;
				CLANG_ANALYZER_NUMBER_OBJECT_CONVERSION = YES_AGGRESSIVE;
				CLANG_CXX_LANGUAGE_STANDARD = "gnu++20";
				CLANG_ENABLE_MODULES = YES;
				CLANG_ENABLE_OBJC_ARC = YES;
				CLANG_ENABLE_OBJC_WEAK = YES;
				CLANG_WARN_BLOCK_CAPTURE_AUTORELEASING = YES;
				CLANG_WARN_BOOL_CONVERSION = YES;
				CLANG_WARN_COMMA = YES;
				CLANG_WARN_CONSTANT_CONVERSION = YES;
				CLANG_WARN_DEPRECATED_OBJC_IMPLEMENTATIONS = YES;
				CLANG_WARN_DIRECT_OBJC_ISA_USAGE = YES_ERROR;
				CLANG_WARN_DOCUMENTATION_COMMENTS = YES;
				CLANG_WARN_EMPTY_BODY = YES;
				CLANG_WARN_ENUM_CONVERSION = YES;
				CLANG_WARN_INFINITE_RECURSION = YES;
				CLANG_WARN_INT_CONVERSION = YES;
				CLANG_WARN_NON_LITERAL_NULL_CONVERSION = YES;
				CLANG_WARN_OBJC_IMPLICIT_RETAIN_SELF = YES;
				CLANG_WARN_OBJC_LITERAL_CONVERSION = YES;
				CLANG_WARN_OBJC_ROOT_CLASS = YES_ERROR;
				CLANG_WARN_QUOTED_INCLUDE_IN_FRAMEWORK_HEADER = YES;
				CLANG_WARN_RANGE_LOOP_ANALYSIS = YES;
				CLANG_WARN_STRICT_PROTOTYPES = YES;
				CLANG_WARN_SUSPICIOUS_MOVE = YES;
				CLANG_WARN_UNGUARDED_AVAILABILITY = YES_AGGRESSIVE;
				CLANG_WARN_UNREACHABLE_CODE = YES;
				CLANG_WARN__DUPLICATE_METHOD_MATCH = YES;
				COPY_PHASE_STRIP = NO;
				DEBUG_INFORMATION_FORMAT = dwarf;
				ENABLE_STRICT_OBJC_MSGSEND = YES;
				ENABLE_TESTABILITY = YES;
				ENABLE_USER_SCRIPT_SANDBOXING = YES;
				GCC_C_LANGUAGE_STANDARD = gnu17;
				GCC_DYNAMIC_NO_PIC = NO;
				GCC_NO_COMMON_BLOCKS = YES;
				GCC_OPTIMIZATION_LEVEL = 0;
				GCC_PREPROCESSOR_DEFINITIONS = (
					"DEBUG=1",
					"$(inherited)",
				);
				GCC_WARN_64_TO_32_BIT_CONVERSION = YES;
				GCC_WARN_ABOUT_RETURN_TYPE = YES_ERROR;
				GCC_WARN_UNDECLARED_SELECTOR = YES;
				GCC_WARN_UNINITIALIZED_AUTOS = YES_AGGRESSIVE;
				GCC_WARN_UNUSED_FUNCTION = YES;
				GCC_WARN_UNUSED_VARIABLE = YES;
				IPHONEOS_DEPLOYMENT_TARGET = 18.5;
				LOCALIZATION_PREFERS_STRING_CATALOGS = YES;
				MTL_ENABLE_DEBUG_INFO = INCLUDE_SOURCE;
				MTL_FAST_MATH = YES;
				ONLY_ACTIVE_ARCH = YES;
				SDKROOT = iphoneos;
				SWIFT_ACTIVE_COMPILATION_CONDITIONS = "DEBUG $(inherited)";
				SWIFT_OPTIMIZATION_LEVEL = "-Onone";
			};
			name = Debug;
		};
		EC28A76C2E255FFA002D6741 /* Release */ = {
			isa = XCBuildConfiguration;
			buildSettings = {
				ALWAYS_SEARCH_USER_PATHS = NO;
				ASSETCATALOG_COMPILER_GENERATE_SWIFT_ASSET_SYMBOL_EXTENSIONS = YES;
				CLANG_ANALYZER_NONNULL = YES;
				CLANG_ANALYZER_NUMBER_OBJECT_CONVERSION = YES_AGGRESSIVE;
				CLANG_CXX_LANGUAGE_STANDARD = "gnu++20";
				CLANG_ENABLE_MODULES = YES;
				CLANG_ENABLE_OBJC_ARC = YES;
				CLANG_ENABLE_OBJC_WEAK = YES;
				CLANG_WARN_BLOCK_CAPTURE_AUTORELEASING = YES;
				CLANG_WARN_BOOL_CONVERSION = YES;
				CLANG_WARN_COMMA = YES;
				CLANG_WARN_CONSTANT_CONVERSION = YES;
				CLANG_WARN_DEPRECATED_OBJC_IMPLEMENTATIONS = YES;
				CLANG_WARN_DIRECT_OBJC_ISA_USAGE = YES_ERROR;
				CLANG_WARN_DOCUMENTATION_COMMENTS = YES;
				CLANG_WARN_EMPTY_BODY = YES;
				CLANG_WARN_ENUM_CONVERSION = YES;
				CLANG_WARN_INFINITE_RECURSION = YES;
				CLANG_WARN_INT_CONVERSION = YES;
				CLANG_WARN_NON_LITERAL_NULL_CONVERSION = YES;
				CLANG_WARN_OBJC_IMPLICIT_RETAIN_SELF = YES;
				CLANG_WARN_OBJC_LITERAL_CONVERSION = YES;
				CLANG_WARN_OBJC_ROOT_CLASS = YES_ERROR;
				CLANG_WARN_QUOTED_INCLUDE_IN_FRAMEWORK_HEADER = YES;
				CLANG_WARN_RANGE_LOOP_ANALYSIS = YES;
				CLANG_WARN_STRICT_PROTOTYPES = YES;
				CLANG_WARN_SUSPICIOUS_MOVE = YES;
				CLANG_WARN_UNGUARDED_AVAILABILITY = YES_AGGRESSIVE;
				CLANG_WARN_UNREACHABLE_CODE = YES;
				CLANG_WARN__DUPLICATE_METHOD_MATCH = YES;
				COPY_PHASE_STRIP = NO;
				DEBUG_INFORMATION_FORMAT = "dwarf-with-dsym";
				ENABLE_NS_ASSERTIONS = NO;
				ENABLE_STRICT_OBJC_MSGSEND = YES;
				ENABLE_USER_SCRIPT_SANDBOXING = YES;
				GCC_C_LANGUAGE_STANDARD = gnu17;
				GCC_NO_COMMON_BLOCKS = YES;
				GCC_WARN_64_TO_32_BIT_CONVERSION = YES;
				GCC_WARN_ABOUT_RETURN_TYPE = YES_ERROR;
				GCC_WARN_UNDECLARED_SELECTOR = YES;
				GCC_WARN_UNINITIALIZED_AUTOS = YES_AGGRESSIVE;
				GCC_WARN_UNUSED_FUNCTION = YES;
				GCC_WARN_UNUSED_VARIABLE = YES;
				IPHONEOS_DEPLOYMENT_TARGET = 18.5;
				LOCALIZATION_PREFERS_STRING_CATALOGS = YES;
				MTL_ENABLE_DEBUG_INFO = NO;
				MTL_FAST_MATH = YES;
				SDKROOT = iphoneos;
				SWIFT_COMPILATION_MODE = wholemodule;
				VALIDATE_PRODUCT = YES;
			};
			name = Release;
		};
		EC28A76E2E255FFA002D6741 /* Debug */ = {
			isa = XCBuildConfiguration;
			buildSettings = {
				ASSETCATALOG_COMPILER_APPICON_NAME = AppIcon;
				ASSETCATALOG_COMPILER_GLOBAL_ACCENT_COLOR_NAME = AccentColor;
				CODE_SIGN_STYLE = Automatic;
				CURRENT_PROJECT_VERSION = 1;
				DEVELOPMENT_TEAM = 8U3N6PLX6D;
				ENABLE_PREVIEWS = YES;
				GENERATE_INFOPLIST_FILE = YES;
				INFOPLIST_FILE = objectmelodyappios/Info.plist;
				INFOPLIST_KEY_UIApplicationSceneManifest_Generation = YES;
				INFOPLIST_KEY_UIApplicationSupportsIndirectInputEvents = YES;
				INFOPLIST_KEY_UILaunchScreen_Generation = YES;
				INFOPLIST_KEY_UISupportedInterfaceOrientations = UIInterfaceOrientationPortrait;
				INFOPLIST_KEY_UISupportedInterfaceOrientations_iPad = "UIInterfaceOrientationLandscapeLeft UIInterfaceOrientationLandscapeRight UIInterfaceOrientationPortrait UIInterfaceOrientationPortraitUpsideDown";
				IPHONEOS_DEPLOYMENT_TARGET = 17.6;
				LD_RUNPATH_SEARCH_PATHS = (
					"$(inherited)",
					"@executable_path/Frameworks",
				);
				MARKETING_VERSION = 1.0;
				PRODUCT_BUNDLE_IDENTIFIER = modeaxe.objectmelodyappios;
				PRODUCT_NAME = "$(TARGET_NAME)";
				SWIFT_EMIT_LOC_STRINGS = YES;
				SWIFT_VERSION = 5.0;
				TARGETED_DEVICE_FAMILY = "1,2";
			};
			name = Debug;
		};
		EC28A76F2E255FFA002D6741 /* Release */ = {
			isa = XCBuildConfiguration;
			buildSettings = {
				ASSETCATALOG_COMPILER_APPICON_NAME = AppIcon;
				ASSETCATALOG_COMPILER_GLOBAL_ACCENT_COLOR_NAME = AccentColor;
				CODE_SIGN_STYLE = Automatic;
				CURRENT_PROJECT_VERSION = 1;
				DEVELOPMENT_TEAM = 8U3N6PLX6D;
				ENABLE_PREVIEWS = YES;
				GENERATE_INFOPLIST_FILE = YES;
				INFOPLIST_FILE = objectmelodyappios/Info.plist;
				INFOPLIST_KEY_UIApplicationSceneManifest_Generation = YES;
				INFOPLIST_KEY_UIApplicationSupportsIndirectInputEvents = YES;
				INFOPLIST_KEY_UILaunchScreen_Generation = YES;
				INFOPLIST_KEY_UISupportedInterfaceOrientations = UIInterfaceOrientationPortrait;
				INFOPLIST_KEY_UISupportedInterfaceOrientations_iPad = "UIInterfaceOrientationLandscapeLeft UIInterfaceOrientationLandscapeRight UIInterfaceOrientationPortrait UIInterfaceOrientationPortraitUpsideDown";
				IPHONEOS_DEPLOYMENT_TARGET = 17.6;
				LD_RUNPATH_SEARCH_PATHS = (
					"$(inherited)",
					"@executable_path/Frameworks",
				);
				MARKETING_VERSION = 1.0;
				PRODUCT_BUNDLE_IDENTIFIER = modeaxe.objectmelodyappios;
				PRODUCT_NAME = "$(TARGET_NAME)";
				SWIFT_EMIT_LOC_STRINGS = YES;
				SWIFT_VERSION = 5.0;
				TARGETED_DEVICE_FAMILY = "1,2";
			};
			name = Release;
		};
		EC28A7712E255FFA002D6741 /* Debug */ = {
			isa = XCBuildConfiguration;
			buildSettings = {
				BUNDLE_LOADER = "$(TEST_HOST)";
				CODE_SIGN_STYLE = Automatic;
				CURRENT_PROJECT_VERSION = 1;
				GENERATE_INFOPLIST_FILE = YES;
				IPHONEOS_DEPLOYMENT_TARGET = 18.5;
				MARKETING_VERSION = 1.0;
				PRODUCT_BUNDLE_IDENTIFIER = modeaxe.objectmelodyappiosTests;
				PRODUCT_NAME = "$(TARGET_NAME)";
				SWIFT_EMIT_LOC_STRINGS = NO;
				SWIFT_VERSION = 5.0;
				TARGETED_DEVICE_FAMILY = "1,2";
				TEST_HOST = "$(BUILT_PRODUCTS_DIR)/objectmelodyappios.app/$(BUNDLE_EXECUTABLE_FOLDER_PATH)/objectmelodyappios";
			};
			name = Debug;
		};
		EC28A7722E255FFA002D6741 /* Release */ = {
			isa = XCBuildConfiguration;
			buildSettings = {
				BUNDLE_LOADER = "$(TEST_HOST)";
				CODE_SIGN_STYLE = Automatic;
				CURRENT_PROJECT_VERSION = 1;
				GENERATE_INFOPLIST_FILE = YES;
				IPHONEOS_DEPLOYMENT_TARGET = 18.5;
				MARKETING_VERSION = 1.0;
				PRODUCT_BUNDLE_IDENTIFIER = modeaxe.objectmelodyappiosTests;
				PRODUCT_NAME = "$(TARGET_NAME)";
				SWIFT_EMIT_LOC_STRINGS = NO;
				SWIFT_VERSION = 5.0;
				TARGETED_DEVICE_FAMILY = "1,2";
				TEST_HOST = "$(BUILT_PRODUCTS_DIR)/objectmelodyappios.app/$(BUNDLE_EXECUTABLE_FOLDER_PATH)/objectmelodyappios";
			};
			name = Release;
		};
		EC28A7742E255FFA002D6741 /* Debug */ = {
			isa = XCBuildConfiguration;
			buildSettings = {
				CODE_SIGN_STYLE = Automatic;
				CURRENT_PROJECT_VERSION = 1;
				GENERATE_INFOPLIST_FILE = YES;
				MARKETING_VERSION = 1.0;
				PRODUCT_BUNDLE_IDENTIFIER = modeaxe.objectmelodyappiosUITests;
				PRODUCT_NAME = "$(TARGET_NAME)";
				SWIFT_EMIT_LOC_STRINGS = NO;
				SWIFT_VERSION = 5.0;
				TARGETED_DEVICE_FAMILY = "1,2";
				TEST_TARGET_NAME = objectmelodyappios;
			};
			name = Debug;
		};
		EC28A7752E255FFA002D6741 /* Release */ = {
			isa = XCBuildConfiguration;
			buildSettings = {
				CODE_SIGN_STYLE = Automatic;
				CURRENT_PROJECT_VERSION = 1;
				GENERATE_INFOPLIST_FILE = YES;
				MARKETING_VERSION = 1.0;
				PRODUCT_BUNDLE_IDENTIFIER = modeaxe.objectmelodyappiosUITests;
				PRODUCT_NAME = "$(TARGET_NAME)";
				SWIFT_EMIT_LOC_STRINGS = NO;
				SWIFT_VERSION = 5.0;
				TARGETED_DEVICE_FAMILY = "1,2";
				TEST_TARGET_NAME = objectmelodyappios;
			};
			name = Release;
		};
/* End XCBuildConfiguration section */

/* Begin XCConfigurationList section */
		EC28A7472E255FF8002D6741 /* Build configuration list for PBXProject "objectmelodyappios" */ = {
			isa = XCConfigurationList;
			buildConfigurations = (
				EC28A76B2E255FFA002D6741 /* Debug */,
				EC28A76C2E255FFA002D6741 /* Release */,
			);
			defaultConfigurationIsVisible = 0;
			defaultConfigurationName = Release;
		};
		EC28A76D2E255FFA002D6741 /* Build configuration list for PBXNativeTarget "objectmelodyappios" */ = {
			isa = XCConfigurationList;
			buildConfigurations = (
				EC28A76E2E255FFA002D6741 /* Debug */,
				EC28A76F2E255FFA002D6741 /* Release */,
			);
			defaultConfigurationIsVisible = 0;
			defaultConfigurationName = Release;
		};
		EC28A7702E255FFA002D6741 /* Build configuration list for PBXNativeTarget "objectmelodyappiosTests" */ = {
			isa = XCConfigurationList;
			buildConfigurations = (
				EC28A7712E255FFA002D6741 /* Debug */,
				EC28A7722E255FFA002D6741 /* Release */,
			);
			defaultConfigurationIsVisible = 0;
			defaultConfigurationName = Release;
		};
		EC28A7732E255FFA002D6741 /* Build configuration list for PBXNativeTarget "objectmelodyappiosUITests" */ = {
			isa = XCConfigurationList;
			buildConfigurations = (
				EC28A7742E255FFA002D6741 /* Debug */,
				EC28A7752E255FFA002D6741 /* Release */,
			);
			defaultConfigurationIsVisible = 0;
			defaultConfigurationName = Release;
		};
/* End XCConfigurationList section */

/* Begin XCRemoteSwiftPackageReference section */
		EC28A7802E268FC6002D6741 /* XCRemoteSwiftPackageReference "AudioKit" */ = {
			isa = XCRemoteSwiftPackageReference;
			repositoryURL = "https://github.com/AudioKit/AudioKit/";
			requirement = {
				kind = upToNextMajorVersion;
				minimumVersion = 5.6.5;
			};
		};
		EC28A7852E2691DA002D6741 /* XCRemoteSwiftPackageReference "AudioKitEX" */ = {
			isa = XCRemoteSwiftPackageReference;
			repositoryURL = "https://github.com/AudioKit/AudioKitEX";
			requirement = {
				kind = upToNextMajorVersion;
				minimumVersion = 5.6.2;
			};
		};
		EC28A7882E269E94002D6741 /* XCRemoteSwiftPackageReference "SoundpipeAudioKit" */ = {
			isa = XCRemoteSwiftPackageReference;
			repositoryURL = "https://github.com/AudioKit/SoundpipeAudioKit";
			requirement = {
				kind = upToNextMajorVersion;
				minimumVersion = 5.7.3;
			};
		};
/* End XCRemoteSwiftPackageReference section */

/* Begin XCSwiftPackageProductDependency section */
		EC28A7832E2690AC002D6741 /* AudioKit */ = {
			isa = XCSwiftPackageProductDependency;
			package = EC28A7802E268FC6002D6741 /* XCRemoteSwiftPackageReference "AudioKit" */;
			productName = AudioKit;
		};
		EC28A7862E2691F9002D6741 /* AudioKitEX */ = {
			isa = XCSwiftPackageProductDependency;
			package = EC28A7852E2691DA002D6741 /* XCRemoteSwiftPackageReference "AudioKitEX" */;
			productName = AudioKitEX;
		};
		EC28A7892E269E94002D6741 /* SoundpipeAudioKit */ = {
			isa = XCSwiftPackageProductDependency;
			package = EC28A7882E269E94002D6741 /* XCRemoteSwiftPackageReference "SoundpipeAudioKit" */;
			productName = SoundpipeAudioKit;
		};
/* End XCSwiftPackageProductDependency section */
	};
	rootObject = EC28A7442E255FF8002D6741 /* Project object */;
}
